
Microsoft Visual Studio Solution File, Format Version 12.00
# Visual Studio Version 17
VisualStudioVersion = 17.9.34723.18
MinimumVisualStudioVersion = 10.0.40219.1
Project("{FAE04EC0-301F-11D3-BF4B-00C04F79EFBC}") = "EmployeeMgt-EF", "EmployeeMgt-EF\EmployeeMgt-EF.csproj", "{9837CCF9-D3FF-46A7-8AE7-865574DF65CE}"
EndProject
Global
	GlobalSection(SolutionConfigurationPlatforms) = preSolution
		Debug|Any CPU = Debug|Any CPU
		Release|Any CPU = Release|Any CPU
	EndGlobalSection
	GlobalSection(ProjectConfigurationPlatforms) = postSolution
		{9837CCF9-D3FF-46A7-8AE7-865574DF65CE}.Debug|Any CPU.ActiveCfg = Debug|Any CPU
		{9837CCF9-D3FF-46A7-8AE7-865574DF65CE}.Debug|Any CPU.Build.0 = Debug|Any CPU
		{9837CCF9-D3FF-46A7-8AE7-865574DF65CE}.Release|Any CPU.ActiveCfg = Release|Any CPU
		{9837CCF9-D3FF-46A7-8AE7-865574DF65CE}.Release|Any CPU.Build.0 = Release|Any CPU
	EndGlobalSection
	GlobalSection(SolutionProperties) = preSolution
		HideSolutionNode = FALSE
	EndGlobalSection
	GlobalSection(ExtensibilityGlobals) = postSolution
		SolutionGuid = {12E786C3-C95A-4535-83C0-709416143551}
	EndGlobalSection
EndGlobal
